Microsoft Visual Studio Solution File, Format Version 12.00
# Visual Studio Version 17
VisualStudioVersion = 17.2.32516.85
MinimumVisualStudioVersion = 10.0.40219.1
Project("{FAE04EC0-301F-11D3-BF4B-00C04F79EFBC}") = "Steganography", "Steganography.csproj", "{5B475744-0B95-4CC4-8EB1-921BAA213154}"
EndProject
Global
	GlobalSection(SolutionConfigurationPlatforms) = preSolution
		Debug|Any CPU = Debug|Any CPU
		Release|Any CPU = Release|Any CPU
	EndGlobalSection
	GlobalSection(ProjectConfigurationPlatforms) = postSolution
		{5B475744-0B95-4CC4-8EB1-921BAA213154}.Debug|Any CPU.ActiveCfg = Debug|Any CPU
		{5B475744-0B95-4CC4-8EB1-921BAA213154}.Debug|Any CPU.Build.0 = Debug|Any CPU
		{5B475744-0B95-4CC4-8EB1-921BAA213154}.Release|Any CPU.ActiveCfg = Release|Any CPU
		{5B475744-0B95-4CC4-8EB1-921BAA213154}.Release|Any CPU.Build.0 = Release|Any CPU
	EndGlobalSection
	GlobalSection(SolutionProperties) = preSolution
		HideSolutionNode = FALSE
	EndGlobalSection
	GlobalSection(ExtensibilityGlobals) = postSolution
		SolutionGuid = {0E05BB6E-8422-4796-9857-CC7DFE6D65A6}
	EndGlobalSection
EndGlobal
